
Microsoft Visual Studio Solution File, Format Version 12.00
# Visual Studio Version 17
VisualStudioVersion = 17.5.002.0
MinimumVisualStudioVersion = 10.0.40219.1
Project("{9A19103F-16F7-4668-BE54-9A1E7A4F7556}") = "MidtermProject", "MidtermProject.csproj", "{A990524B-BC46-4FC5-A9A1-B3136418503A}"
EndProject
Global
	GlobalSection(SolutionConfigurationPlatforms) = preSolution
		Debug|Any CPU = Debug|Any CPU
		Release|Any CPU = Release|Any CPU
	EndGlobalSection
	GlobalSection(ProjectConfigurationPlatforms) = postSolution
		{A990524B-BC46-4FC5-A9A1-B3136418503A}.Debug|Any CPU.ActiveCfg = Debug|Any CPU
		{A990524B-BC46-4FC5-A9A1-B3136418503A}.Debug|Any CPU.Build.0 = Debug|Any CPU
		{A990524B-BC46-4FC5-A9A1-B3136418503A}.Release|Any CPU.ActiveCfg = Release|Any CPU
		{A990524B-BC46-4FC5-A9A1-B3136418503A}.Release|Any CPU.Build.0 = Release|Any CPU
	EndGlobalSection
	GlobalSection(SolutionProperties) = preSolution
		HideSolutionNode = FALSE
	EndGlobalSection
	GlobalSection(ExtensibilityGlobals) = postSolution
		SolutionGuid = {6FCBACD0-6FAD-4A44-A7C4-CDDA03579B84}
	EndGlobalSection
EndGlobal
