
Microsoft Visual Studio Solution File, Format Version 12.00
# Visual Studio Version 17
VisualStudioVersion = 17.5.002.0
MinimumVisualStudioVersion = 10.0.40219.1
Project("{9A19103F-16F7-4668-BE54-9A1E7A4F7556}") = "SalesDataAnalyzerProject2", "SalesDataAnalyzerProject2.csproj", "{E547C616-07B3-4F22-9885-6F22D1FD60CB}"
EndProject
Global
	GlobalSection(SolutionConfigurationPlatforms) = preSolution
		Debug|Any CPU = Debug|Any CPU
		Release|Any CPU = Release|Any CPU
	EndGlobalSection
	GlobalSection(ProjectConfigurationPlatforms) = postSolution
		{E547C616-07B3-4F22-9885-6F22D1FD60CB}.Debug|Any CPU.ActiveCfg = Debug|Any CPU
		{E547C616-07B3-4F22-9885-6F22D1FD60CB}.Debug|Any CPU.Build.0 = Debug|Any CPU
		{E547C616-07B3-4F22-9885-6F22D1FD60CB}.Release|Any CPU.ActiveCfg = Release|Any CPU
		{E547C616-07B3-4F22-9885-6F22D1FD60CB}.Release|Any CPU.Build.0 = Release|Any CPU
	EndGlobalSection
	GlobalSection(SolutionProperties) = preSolution
		HideSolutionNode = FALSE
	EndGlobalSection
	GlobalSection(ExtensibilityGlobals) = postSolution
		SolutionGuid = {080B8E1B-84C4-4476-B31D-9C4DA11E31A9}
	EndGlobalSection
EndGlobal
